
Microsoft Visual Studio Solution File, Format Version 12.00
# Visual Studio 2017
Project("{FAE04EC0-301F-11D3-BF4B-00C04F79EFBC}") = "3Kingdoms", "3Kingdoms.csproj", "{21A099A0-8A2C-A88A-6084-7A3164A8BE14}"
EndProject
Project("{FAE04EC0-301F-11D3-BF4B-00C04F79EFBC}") = "3Kingdoms.Editor", "3Kingdoms.Editor.csproj", "{88D96421-9E8F-7488-E596-3EC75278DC1B}"
EndProject
Global
	GlobalSection(SolutionConfigurationPlatforms) = preSolution
		Debug|Any CPU = Debug|Any CPU
		Release|Any CPU = Release|Any CPU
	EndGlobalSection
	GlobalSection(ProjectConfigurationPlatforms) = postSolution
		{21A099A0-8A2C-A88A-6084-7A3164A8BE14}.Debug|Any CPU.ActiveCfg = Debug|Any CPU
		{21A099A0-8A2C-A88A-6084-7A3164A8BE14}.Debug|Any CPU.Build.0 = Debug|Any CPU
		{21A099A0-8A2C-A88A-6084-7A3164A8BE14}.Release|Any CPU.ActiveCfg = Release|Any CPU
		{21A099A0-8A2C-A88A-6084-7A3164A8BE14}.Release|Any CPU.Build.0 = Release|Any CPU
		{88D96421-9E8F-7488-E596-3EC75278DC1B}.Debug|Any CPU.ActiveCfg = Debug|Any CPU
		{88D96421-9E8F-7488-E596-3EC75278DC1B}.Debug|Any CPU.Build.0 = Debug|Any CPU
		{88D96421-9E8F-7488-E596-3EC75278DC1B}.Release|Any CPU.ActiveCfg = Release|Any CPU
		{88D96421-9E8F-7488-E596-3EC75278DC1B}.Release|Any CPU.Build.0 = Release|Any CPU
	EndGlobalSection
	GlobalSection(SolutionProperties) = preSolution
		HideSolutionNode = FALSE
	EndGlobalSection
EndGlobal
